
Microsoft Visual Studio Solution File, Format Version 12.00
# Visual Studio Version 17
VisualStudioVersion = 17.11.35312.102
MinimumVisualStudioVersion = 10.0.40219.1
Project("{FAE04EC0-301F-11D3-BF4B-00C04F79EFBC}") = "MainSubjects", "MainSubjects\MainSubjects.csproj", "{8925E4C0-A3BC-47FF-ACEE-44B87AADB5CC}"
EndProject
Project("{FAE04EC0-301F-11D3-BF4B-00C04F79EFBC}") = "Variables", "Variables\Variables.csproj", "{9BDE6398-9EF3-48DB-80DF-5CF19DF3F6C9}"
EndProject
Project("{FAE04EC0-301F-11D3-BF4B-00C04F79EFBC}") = "MakingDecision", "MakingDecision\MakingDecision.csproj", "{32207B4F-AC57-4D1E-9163-6F754F5F97FC}"
EndProject
Project("{FAE04EC0-301F-11D3-BF4B-00C04F79EFBC}") = "Loops", "Loops\Loops.csproj", "{7DFB700B-C9A9-44BB-B213-674E16CFE5BA}"
EndProject
Project("{FAE04EC0-301F-11D3-BF4B-00C04F79EFBC}") = "LoopsWithStars", "LoopsWithStars\LoopsWithStars.csproj", "{92ED0F92-888F-4D87-BCD1-50B9CA185202}"
EndProject
Global
	GlobalSection(SolutionConfigurationPlatforms) = preSolution
		Debug|Any CPU = Debug|Any CPU
		Release|Any CPU = Release|Any CPU
	EndGlobalSection
	GlobalSection(ProjectConfigurationPlatforms) = postSolution
		{8925E4C0-A3BC-47FF-ACEE-44B87AADB5CC}.Debug|Any CPU.ActiveCfg = Debug|Any CPU
		{8925E4C0-A3BC-47FF-ACEE-44B87AADB5CC}.Debug|Any CPU.Build.0 = Debug|Any CPU
		{8925E4C0-A3BC-47FF-ACEE-44B87AADB5CC}.Release|Any CPU.ActiveCfg = Release|Any CPU
		{8925E4C0-A3BC-47FF-ACEE-44B87AADB5CC}.Release|Any CPU.Build.0 = Release|Any CPU
		{9BDE6398-9EF3-48DB-80DF-5CF19DF3F6C9}.Debug|Any CPU.ActiveCfg = Debug|Any CPU
		{9BDE6398-9EF3-48DB-80DF-5CF19DF3F6C9}.Debug|Any CPU.Build.0 = Debug|Any CPU
		{9BDE6398-9EF3-48DB-80DF-5CF19DF3F6C9}.Release|Any CPU.ActiveCfg = Release|Any CPU
		{9BDE6398-9EF3-48DB-80DF-5CF19DF3F6C9}.Release|Any CPU.Build.0 = Release|Any CPU
		{32207B4F-AC57-4D1E-9163-6F754F5F97FC}.Debug|Any CPU.ActiveCfg = Debug|Any CPU
		{32207B4F-AC57-4D1E-9163-6F754F5F97FC}.Debug|Any CPU.Build.0 = Debug|Any CPU
		{32207B4F-AC57-4D1E-9163-6F754F5F97FC}.Release|Any CPU.ActiveCfg = Release|Any CPU
		{32207B4F-AC57-4D1E-9163-6F754F5F97FC}.Release|Any CPU.Build.0 = Release|Any CPU
		{7DFB700B-C9A9-44BB-B213-674E16CFE5BA}.Debug|Any CPU.ActiveCfg = Debug|Any CPU
		{7DFB700B-C9A9-44BB-B213-674E16CFE5BA}.Debug|Any CPU.Build.0 = Debug|Any CPU
		{7DFB700B-C9A9-44BB-B213-674E16CFE5BA}.Release|Any CPU.ActiveCfg = Release|Any CPU
		{7DFB700B-C9A9-44BB-B213-674E16CFE5BA}.Release|Any CPU.Build.0 = Release|Any CPU
		{92ED0F92-888F-4D87-BCD1-50B9CA185202}.Debug|Any CPU.ActiveCfg = Debug|Any CPU
		{92ED0F92-888F-4D87-BCD1-50B9CA185202}.Debug|Any CPU.Build.0 = Debug|Any CPU
		{92ED0F92-888F-4D87-BCD1-50B9CA185202}.Release|Any CPU.ActiveCfg = Release|Any CPU
		{92ED0F92-888F-4D87-BCD1-50B9CA185202}.Release|Any CPU.Build.0 = Release|Any CPU
	EndGlobalSection
	GlobalSection(SolutionProperties) = preSolution
		HideSolutionNode = FALSE
	EndGlobalSection
	GlobalSection(ExtensibilityGlobals) = postSolution
		SolutionGuid = {D1D75DD6-CC16-4D08-8B12-C3C7CD3ECEEE}
	EndGlobalSection
EndGlobal
